{
  "lib/ens-contracts": {
    "tag": {
      "name": "v1.6.0",
      "rev": "718b1c0058482126431000818c92b411bdf74007"
    }
  },
  "lib/forge-std": {
    "tag": {
      "name": "v1.10.0",
      "rev": "8bbcf6e3f8f62f419e5429a0bd89331c85c37824"
    }
  },
  "lib/openzeppelin-contracts": {
    "tag": {
      "name": "v5.0.2",
      "rev": "dbb6104ce834628e473d2173bbc9d47f81a9eec3"
    }
  }
}